
Microsoft Visual Studio Solution File, Format Version 12.00
# Visual Studio Version 16
VisualStudioVersion = 16.0.30611.23
MinimumVisualStudioVersion = 10.0.40219.1
Project("{FAE04EC0-301F-11D3-BF4B-00C04F79EFBC}") = "dotNet5781_00_6268_4032", "dotNet5781_00_6268_4032\dotNet5781_00_6268_4032.csproj", "{5AC9E4A1-8BCB-4AF6-84B9-935003C85F50}"
EndProject
Project("{FAE04EC0-301F-11D3-BF4B-00C04F79EFBC}") = "dotNet5781_01_6268_4032", "dotNet5781_01_6268_4032\dotNet5781_01_6268_4032.csproj", "{DA1A5CE3-E408-43CD-94C2-DF58AB9037E0}"
EndProject
Project("{FAE04EC0-301F-11D3-BF4B-00C04F79EFBC}") = "dotNet5781_02_6268_4032", "dotNet5781_02_6268_4032\dotNet5781_02_6268_4032.csproj", "{4C5AC438-0689-4C66-84B1-BD70863DFEB4}"
EndProject
Project("{FAE04EC0-301F-11D3-BF4B-00C04F79EFBC}") = "dotNet5781_03A_6268_4032", "dotNet5781_03A_6268_4032\dotNet5781_03A_6268_4032.csproj", "{B2C801C3-5BF9-4BDA-8921-EDE01CA56DAB}"
EndProject
Project("{FAE04EC0-301F-11D3-BF4B-00C04F79EFBC}") = "dotNet5781_03B_6268_2671", "dotNet5781_03B_6268_2671\dotNet5781_03B_6268_2671.csproj", "{52EA209F-261E-4793-A3B5-0A8F95BBE503}"
EndProject
Project("{FAE04EC0-301F-11D3-BF4B-00C04F79EFBC}") = "PlGui", "PlGui\PlGui.csproj", "{4FFC2586-E90C-4097-9C63-8DEA8E12C152}"
EndProject
Project("{FAE04EC0-301F-11D3-BF4B-00C04F79EFBC}") = "BL", "BL\BL.csproj", "{7C7F9757-C937-472A-AA92-62EC36D268E4}"
EndProject
Project("{FAE04EC0-301F-11D3-BF4B-00C04F79EFBC}") = "DalApi", "DalApi\DalApi.csproj", "{111C1235-5477-463A-869C-BB851B1FA79E}"
EndProject
Project("{FAE04EC0-301F-11D3-BF4B-00C04F79EFBC}") = "DalXml", "DalXml\DalXml.csproj", "{2A7C94BD-6AB9-42CA-8620-98C664E2C1D3}"
EndProject
Project("{FAE04EC0-301F-11D3-BF4B-00C04F79EFBC}") = "DS", "DS\DS.csproj", "{7E196DAD-B9D9-4CF1-8967-1BEDD84394A1}"
EndProject
Project("{FAE04EC0-301F-11D3-BF4B-00C04F79EFBC}") = "DLObject", "DLObject\DLObject.csproj", "{7C2AE68B-20EE-41A9-A61B-AA6A55314599}"
EndProject
Project("{2150E333-8FDC-42A3-9474-1A3956D46DE8}") = "all xml", "all xml", "{41A6E6E1-320D-4DE0-8FFB-9611A6D2868D}"
	ProjectSection(SolutionItems) = preProject
		BusXml.xml = BusXml.xml
	EndProjectSection
EndProject
Global
	GlobalSection(SolutionConfigurationPlatforms) = preSolution
		Debug|Any CPU = Debug|Any CPU
		Release|Any CPU = Release|Any CPU
	EndGlobalSection
	GlobalSection(ProjectConfigurationPlatforms) = postSolution
		{5AC9E4A1-8BCB-4AF6-84B9-935003C85F50}.Debug|Any CPU.ActiveCfg = Debug|Any CPU
		{5AC9E4A1-8BCB-4AF6-84B9-935003C85F50}.Debug|Any CPU.Build.0 = Debug|Any CPU
		{5AC9E4A1-8BCB-4AF6-84B9-935003C85F50}.Release|Any CPU.ActiveCfg = Release|Any CPU
		{5AC9E4A1-8BCB-4AF6-84B9-935003C85F50}.Release|Any CPU.Build.0 = Release|Any CPU
		{DA1A5CE3-E408-43CD-94C2-DF58AB9037E0}.Debug|Any CPU.ActiveCfg = Debug|Any CPU
		{DA1A5CE3-E408-43CD-94C2-DF58AB9037E0}.Debug|Any CPU.Build.0 = Debug|Any CPU
		{DA1A5CE3-E408-43CD-94C2-DF58AB9037E0}.Release|Any CPU.ActiveCfg = Release|Any CPU
		{DA1A5CE3-E408-43CD-94C2-DF58AB9037E0}.Release|Any CPU.Build.0 = Release|Any CPU
		{4C5AC438-0689-4C66-84B1-BD70863DFEB4}.Debug|Any CPU.ActiveCfg = Debug|Any CPU
		{4C5AC438-0689-4C66-84B1-BD70863DFEB4}.Debug|Any CPU.Build.0 = Debug|Any CPU
		{4C5AC438-0689-4C66-84B1-BD70863DFEB4}.Release|Any CPU.ActiveCfg = Release|Any CPU
		{4C5AC438-0689-4C66-84B1-BD70863DFEB4}.Release|Any CPU.Build.0 = Release|Any CPU
		{B2C801C3-5BF9-4BDA-8921-EDE01CA56DAB}.Debug|Any CPU.ActiveCfg = Debug|Any CPU
		{B2C801C3-5BF9-4BDA-8921-EDE01CA56DAB}.Debug|Any CPU.Build.0 = Debug|Any CPU
		{B2C801C3-5BF9-4BDA-8921-EDE01CA56DAB}.Release|Any CPU.ActiveCfg = Release|Any CPU
		{B2C801C3-5BF9-4BDA-8921-EDE01CA56DAB}.Release|Any CPU.Build.0 = Release|Any CPU
		{52EA209F-261E-4793-A3B5-0A8F95BBE503}.Debug|Any CPU.ActiveCfg = Debug|Any CPU
		{52EA209F-261E-4793-A3B5-0A8F95BBE503}.Debug|Any CPU.Build.0 = Debug|Any CPU
		{52EA209F-261E-4793-A3B5-0A8F95BBE503}.Release|Any CPU.ActiveCfg = Release|Any CPU
		{52EA209F-261E-4793-A3B5-0A8F95BBE503}.Release|Any CPU.Build.0 = Release|Any CPU
		{4FFC2586-E90C-4097-9C63-8DEA8E12C152}.Debug|Any CPU.ActiveCfg = Debug|Any CPU
		{4FFC2586-E90C-4097-9C63-8DEA8E12C152}.Debug|Any CPU.Build.0 = Debug|Any CPU
		{4FFC2586-E90C-4097-9C63-8DEA8E12C152}.Release|Any CPU.ActiveCfg = Release|Any CPU
		{4FFC2586-E90C-4097-9C63-8DEA8E12C152}.Release|Any CPU.Build.0 = Release|Any CPU
		{7C7F9757-C937-472A-AA92-62EC36D268E4}.Debug|Any CPU.ActiveCfg = Debug|Any CPU
		{7C7F9757-C937-472A-AA92-62EC36D268E4}.Debug|Any CPU.Build.0 = Debug|Any CPU
		{7C7F9757-C937-472A-AA92-62EC36D268E4}.Release|Any CPU.ActiveCfg = Release|Any CPU
		{7C7F9757-C937-472A-AA92-62EC36D268E4}.Release|Any CPU.Build.0 = Release|Any CPU
		{111C1235-5477-463A-869C-BB851B1FA79E}.Debug|Any CPU.ActiveCfg = Debug|Any CPU
		{111C1235-5477-463A-869C-BB851B1FA79E}.Debug|Any CPU.Build.0 = Debug|Any CPU
		{111C1235-5477-463A-869C-BB851B1FA79E}.Release|Any CPU.ActiveCfg = Release|Any CPU
		{111C1235-5477-463A-869C-BB851B1FA79E}.Release|Any CPU.Build.0 = Release|Any CPU
		{2A7C94BD-6AB9-42CA-8620-98C664E2C1D3}.Debug|Any CPU.ActiveCfg = Debug|Any CPU
		{2A7C94BD-6AB9-42CA-8620-98C664E2C1D3}.Debug|Any CPU.Build.0 = Debug|Any CPU
		{2A7C94BD-6AB9-42CA-8620-98C664E2C1D3}.Release|Any CPU.ActiveCfg = Release|Any CPU
		{2A7C94BD-6AB9-42CA-8620-98C664E2C1D3}.Release|Any CPU.Build.0 = Release|Any CPU
		{7E196DAD-B9D9-4CF1-8967-1BEDD84394A1}.Debug|Any CPU.ActiveCfg = Debug|Any CPU
		{7E196DAD-B9D9-4CF1-8967-1BEDD84394A1}.Debug|Any CPU.Build.0 = Debug|Any CPU
		{7E196DAD-B9D9-4CF1-8967-1BEDD84394A1}.Release|Any CPU.ActiveCfg = Release|Any CPU
		{7E196DAD-B9D9-4CF1-8967-1BEDD84394A1}.Release|Any CPU.Build.0 = Release|Any CPU
		{7C2AE68B-20EE-41A9-A61B-AA6A55314599}.Debug|Any CPU.ActiveCfg = Debug|Any CPU
		{7C2AE68B-20EE-41A9-A61B-AA6A55314599}.Debug|Any CPU.Build.0 = Debug|Any CPU
		{7C2AE68B-20EE-41A9-A61B-AA6A55314599}.Release|Any CPU.ActiveCfg = Release|Any CPU
		{7C2AE68B-20EE-41A9-A61B-AA6A55314599}.Release|Any CPU.Build.0 = Release|Any CPU
	EndGlobalSection
	GlobalSection(SolutionProperties) = preSolution
		HideSolutionNode = FALSE
	EndGlobalSection
	GlobalSection(ExtensibilityGlobals) = postSolution
		SolutionGuid = {858908FD-7B69-4321-AD46-83C6AE74F542}
	EndGlobalSection
EndGlobal
